schema: { name: "nabhold-contract-consumption-lock", version: "1.0" }
consumer: { repository: "nabhold/thamani", entity_id: "THAMANI-GLOBAL" }
sources:
  shared:
    repository: "nabhold/shared"
    commit: "0d61ba0ffa1ede9b0a0a27321792e3fd4849921f"
    legal_entity_registry: "contracts/legal-entity/registry.yaml"
    development_environment: "contracts/development-environment/schema.yaml"
  trade:
    {
      repository: "nabhold/baobab-trade",
      commit: "e6bfa4ae7ebdc6342ea7e1e39b7054587175d183",
      api: "Medusa v2 Store API",
    }
gaps:
  - "Shared has not published a canonical commerce Store API package."
  - "Trade has not published configured payment, shipping, wishlist, review, recommendation, or reorder contracts."
  - "Shared has not published a release of @nabhold/supplier-domain (packages/supplier-domain) yet; docs/supplier-onboarding/domain-model.md is the interim reference until this lock can pin a real version (see ADR-0002)."
